
Microsoft Visual Studio Solution File, Format Version 12.00
# Visual Studio Version 16
VisualStudioVersion = 16.0.30011.22
MinimumVisualStudioVersion = 10.0.40219.1
Project("{FAE04EC0-301F-11D3-BF4B-00C04F79EFBC}") = "RegistroUsuario", "RegistroUsuario.csproj", "{7FC7413C-71E5-4FC0-98DA-B1E82961725B}"
EndProject
Global
	GlobalSection(SolutionConfigurationPlatforms) = preSolution
		Debug|Any CPU = Debug|Any CPU
		Release|Any CPU = Release|Any CPU
	EndGlobalSection
	GlobalSection(ProjectConfigurationPlatforms) = postSolution
		{7FC7413C-71E5-4FC0-98DA-B1E82961725B}.Debug|Any CPU.ActiveCfg = Debug|Any CPU
		{7FC7413C-71E5-4FC0-98DA-B1E82961725B}.Debug|Any CPU.Build.0 = Debug|Any CPU
		{7FC7413C-71E5-4FC0-98DA-B1E82961725B}.Release|Any CPU.ActiveCfg = Release|Any CPU
		{7FC7413C-71E5-4FC0-98DA-B1E82961725B}.Release|Any CPU.Build.0 = Release|Any CPU
	EndGlobalSection
	GlobalSection(SolutionProperties) = preSolution
		HideSolutionNode = FALSE
	EndGlobalSection
	GlobalSection(ExtensibilityGlobals) = postSolution
		SolutionGuid = {612A21CA-5B32-4A49-9F1B-953859D69BB2}
	EndGlobalSection
EndGlobal
